
Microsoft Visual Studio Solution File, Format Version 12.00
# Visual Studio Version 17
VisualStudioVersion = 17.4.33213.308
MinimumVisualStudioVersion = 10.0.40219.1
Project("{FAE04EC0-301F-11D3-BF4B-00C04F79EFBC}") = "CinemaSiteParser", "CinemaSiteParser\CinemaSiteParser.csproj", "{58F9EA1C-203A-4680-B0C5-E9B9CA8502B8}"
EndProject
Project("{FAE04EC0-301F-11D3-BF4B-00C04F79EFBC}") = "CinemaSiteParser.Core", "CinemaSiteParser.Core\CinemaSiteParser.Core.csproj", "{92D24A9B-ABC2-4A2A-A3E7-E13437ADA6C6}"
EndProject
Project("{FAE04EC0-301F-11D3-BF4B-00C04F79EFBC}") = "CinemaSiteParser.Models", "CinemaSiteParser.Models\CinemaSiteParser.Models.csproj", "{3DDCFCDC-49E6-450E-8C09-17C996D0B013}"
EndProject
Project("{FAE04EC0-301F-11D3-BF4B-00C04F79EFBC}") = "CinemaSiteParser.Shared", "CinemaSiteParser.Shared\CinemaSiteParser.Shared.csproj", "{12D607BC-72C7-4570-8E64-6D89E2470903}"
EndProject
Global
	GlobalSection(SolutionConfigurationPlatforms) = preSolution
		Debug|Any CPU = Debug|Any CPU
		Release|Any CPU = Release|Any CPU
	EndGlobalSection
	GlobalSection(ProjectConfigurationPlatforms) = postSolution
		{58F9EA1C-203A-4680-B0C5-E9B9CA8502B8}.Debug|Any CPU.ActiveCfg = Debug|Any CPU
		{58F9EA1C-203A-4680-B0C5-E9B9CA8502B8}.Debug|Any CPU.Build.0 = Debug|Any CPU
		{58F9EA1C-203A-4680-B0C5-E9B9CA8502B8}.Release|Any CPU.ActiveCfg = Release|Any CPU
		{58F9EA1C-203A-4680-B0C5-E9B9CA8502B8}.Release|Any CPU.Build.0 = Release|Any CPU
		{92D24A9B-ABC2-4A2A-A3E7-E13437ADA6C6}.Debug|Any CPU.ActiveCfg = Debug|Any CPU
		{92D24A9B-ABC2-4A2A-A3E7-E13437ADA6C6}.Debug|Any CPU.Build.0 = Debug|Any CPU
		{92D24A9B-ABC2-4A2A-A3E7-E13437ADA6C6}.Release|Any CPU.ActiveCfg = Release|Any CPU
		{92D24A9B-ABC2-4A2A-A3E7-E13437ADA6C6}.Release|Any CPU.Build.0 = Release|Any CPU
		{3DDCFCDC-49E6-450E-8C09-17C996D0B013}.Debug|Any CPU.ActiveCfg = Debug|Any CPU
		{3DDCFCDC-49E6-450E-8C09-17C996D0B013}.Debug|Any CPU.Build.0 = Debug|Any CPU
		{3DDCFCDC-49E6-450E-8C09-17C996D0B013}.Release|Any CPU.ActiveCfg = Release|Any CPU
		{3DDCFCDC-49E6-450E-8C09-17C996D0B013}.Release|Any CPU.Build.0 = Release|Any CPU
		{12D607BC-72C7-4570-8E64-6D89E2470903}.Debug|Any CPU.ActiveCfg = Debug|Any CPU
		{12D607BC-72C7-4570-8E64-6D89E2470903}.Debug|Any CPU.Build.0 = Debug|Any CPU
		{12D607BC-72C7-4570-8E64-6D89E2470903}.Release|Any CPU.ActiveCfg = Release|Any CPU
		{12D607BC-72C7-4570-8E64-6D89E2470903}.Release|Any CPU.Build.0 = Release|Any CPU
	EndGlobalSection
	GlobalSection(SolutionProperties) = preSolution
		HideSolutionNode = FALSE
	EndGlobalSection
	GlobalSection(ExtensibilityGlobals) = postSolution
		SolutionGuid = {2A880AC5-8338-41C0-91BB-BBED07B5A145}
	EndGlobalSection
EndGlobal
